
Microsoft Visual Studio Solution File, Format Version 12.00
# Visual Studio 14
VisualStudioVersion = 14.0.25123.0
MinimumVisualStudioVersion = 10.0.40219.1
Project("{FAE04EC0-301F-11D3-BF4B-00C04F79EFBC}") = "Contracts", "Contracts\Contracts.csproj", "{01334C7C-FB6E-4D67-A7FE-0004A7DF1AF0}"
EndProject
Project("{FAE04EC0-301F-11D3-BF4B-00C04F79EFBC}") = "Services", "Services\Services.csproj", "{A0CE7205-E07E-47D8-BD70-375776FA591F}"
EndProject
Project("{FAE04EC0-301F-11D3-BF4B-00C04F79EFBC}") = "Hosting", "Hosting\Hosting.csproj", "{7F53515F-6A39-427F-8A15-3CD4608C2BCD}"
EndProject
Project("{FAE04EC0-301F-11D3-BF4B-00C04F79EFBC}") = "Client", "Client\Client.csproj", "{1D1CBDAF-79FE-44E2-927F-A79A2FB38245}"
EndProject
Project("{FAE04EC0-301F-11D3-BF4B-00C04F79EFBC}") = "WcfService1", "WcfService1\WcfService1.csproj", "{E28BD676-0FB4-40A0-B42B-5827B4A4E99D}"
EndProject
Global
	GlobalSection(SolutionConfigurationPlatforms) = preSolution
		Debug|Any CPU = Debug|Any CPU
		Release|Any CPU = Release|Any CPU
	EndGlobalSection
	GlobalSection(ProjectConfigurationPlatforms) = postSolution
		{01334C7C-FB6E-4D67-A7FE-0004A7DF1AF0}.Debug|Any CPU.ActiveCfg = Debug|Any CPU
		{01334C7C-FB6E-4D67-A7FE-0004A7DF1AF0}.Debug|Any CPU.Build.0 = Debug|Any CPU
		{01334C7C-FB6E-4D67-A7FE-0004A7DF1AF0}.Release|Any CPU.ActiveCfg = Release|Any CPU
		{01334C7C-FB6E-4D67-A7FE-0004A7DF1AF0}.Release|Any CPU.Build.0 = Release|Any CPU
		{A0CE7205-E07E-47D8-BD70-375776FA591F}.Debug|Any CPU.ActiveCfg = Debug|Any CPU
		{A0CE7205-E07E-47D8-BD70-375776FA591F}.Debug|Any CPU.Build.0 = Debug|Any CPU
		{A0CE7205-E07E-47D8-BD70-375776FA591F}.Release|Any CPU.ActiveCfg = Release|Any CPU
		{A0CE7205-E07E-47D8-BD70-375776FA591F}.Release|Any CPU.Build.0 = Release|Any CPU
		{7F53515F-6A39-427F-8A15-3CD4608C2BCD}.Debug|Any CPU.ActiveCfg = Debug|Any CPU
		{7F53515F-6A39-427F-8A15-3CD4608C2BCD}.Debug|Any CPU.Build.0 = Debug|Any CPU
		{7F53515F-6A39-427F-8A15-3CD4608C2BCD}.Release|Any CPU.ActiveCfg = Release|Any CPU
		{7F53515F-6A39-427F-8A15-3CD4608C2BCD}.Release|Any CPU.Build.0 = Release|Any CPU
		{1D1CBDAF-79FE-44E2-927F-A79A2FB38245}.Debug|Any CPU.ActiveCfg = Debug|Any CPU
		{1D1CBDAF-79FE-44E2-927F-A79A2FB38245}.Debug|Any CPU.Build.0 = Debug|Any CPU
		{1D1CBDAF-79FE-44E2-927F-A79A2FB38245}.Release|Any CPU.ActiveCfg = Release|Any CPU
		{1D1CBDAF-79FE-44E2-927F-A79A2FB38245}.Release|Any CPU.Build.0 = Release|Any CPU
		{E28BD676-0FB4-40A0-B42B-5827B4A4E99D}.Debug|Any CPU.ActiveCfg = Debug|Any CPU
		{E28BD676-0FB4-40A0-B42B-5827B4A4E99D}.Debug|Any CPU.Build.0 = Debug|Any CPU
		{E28BD676-0FB4-40A0-B42B-5827B4A4E99D}.Release|Any CPU.ActiveCfg = Release|Any CPU
		{E28BD676-0FB4-40A0-B42B-5827B4A4E99D}.Release|Any CPU.Build.0 = Release|Any CPU
	EndGlobalSection
	GlobalSection(SolutionProperties) = preSolution
		HideSolutionNode = FALSE
	EndGlobalSection
EndGlobal
